
Microsoft Visual Studio Solution File, Format Version 12.00
# Visual Studio Version 16
VisualStudioVersion = 16.0.29709.97
MinimumVisualStudioVersion = 10.0.40219.1
Project("{FAE04EC0-301F-11D3-BF4B-00C04F79EFBC}") = "rF2_player_editor", "rF2_player_editor.csproj", "{8BFC9C09-AB79-474A-9C57-FA8CB15C671A}"
EndProject
Project("{FAE04EC0-301F-11D3-BF4B-00C04F79EFBC}") = "tests", "tests\tests.csproj", "{14E50AB8-23DB-49EA-B933-504B1712E1F6}"
EndProject
Project("{2150E333-8FDC-42A3-9474-1A3956D46DE8}") = "Solution Items", "Solution Items", "{5D6C23D6-B0C2-46DF-A76C-376319DE0464}"
	ProjectSection(SolutionItems) = preProject
		.editorconfig = .editorconfig
	EndProjectSection
EndProject
Global
	GlobalSection(SolutionConfigurationPlatforms) = preSolution
		Debug|Any CPU = Debug|Any CPU
		Debug|x64 = Debug|x64
		Debug|x86 = Debug|x86
		Debug32|Any CPU = Debug32|Any CPU
		Debug32|x64 = Debug32|x64
		Debug32|x86 = Debug32|x86
		Release|Any CPU = Release|Any CPU
		Release|x64 = Release|x64
		Release|x86 = Release|x86
	EndGlobalSection
	GlobalSection(ProjectConfigurationPlatforms) = postSolution
		{8BFC9C09-AB79-474A-9C57-FA8CB15C671A}.Debug|Any CPU.ActiveCfg = Debug|x64
		{8BFC9C09-AB79-474A-9C57-FA8CB15C671A}.Debug|Any CPU.Build.0 = Debug|x64
		{8BFC9C09-AB79-474A-9C57-FA8CB15C671A}.Debug|x64.ActiveCfg = Debug|x64
		{8BFC9C09-AB79-474A-9C57-FA8CB15C671A}.Debug|x64.Build.0 = Debug|x64
		{8BFC9C09-AB79-474A-9C57-FA8CB15C671A}.Debug|x86.ActiveCfg = Debug|x86
		{8BFC9C09-AB79-474A-9C57-FA8CB15C671A}.Debug|x86.Build.0 = Debug|x86
		{8BFC9C09-AB79-474A-9C57-FA8CB15C671A}.Debug32|Any CPU.ActiveCfg = Debug32|x64
		{8BFC9C09-AB79-474A-9C57-FA8CB15C671A}.Debug32|x64.ActiveCfg = Debug32|x64
		{8BFC9C09-AB79-474A-9C57-FA8CB15C671A}.Debug32|x64.Build.0 = Debug32|x64
		{8BFC9C09-AB79-474A-9C57-FA8CB15C671A}.Debug32|x86.ActiveCfg = Debug32|x86
		{8BFC9C09-AB79-474A-9C57-FA8CB15C671A}.Debug32|x86.Build.0 = Debug32|x86
		{8BFC9C09-AB79-474A-9C57-FA8CB15C671A}.Release|Any CPU.ActiveCfg = Release|x64
		{8BFC9C09-AB79-474A-9C57-FA8CB15C671A}.Release|x64.ActiveCfg = Release|x64
		{8BFC9C09-AB79-474A-9C57-FA8CB15C671A}.Release|x64.Build.0 = Release|x64
		{8BFC9C09-AB79-474A-9C57-FA8CB15C671A}.Release|x86.ActiveCfg = Release|x86
		{8BFC9C09-AB79-474A-9C57-FA8CB15C671A}.Release|x86.Build.0 = Release|x86
		{14E50AB8-23DB-49EA-B933-504B1712E1F6}.Debug|Any CPU.ActiveCfg = Debug|Any CPU
		{14E50AB8-23DB-49EA-B933-504B1712E1F6}.Debug|Any CPU.Build.0 = Debug|Any CPU
		{14E50AB8-23DB-49EA-B933-504B1712E1F6}.Debug|x64.ActiveCfg = Debug|Any CPU
		{14E50AB8-23DB-49EA-B933-504B1712E1F6}.Debug|x64.Build.0 = Debug|Any CPU
		{14E50AB8-23DB-49EA-B933-504B1712E1F6}.Debug|x86.ActiveCfg = Debug|Any CPU
		{14E50AB8-23DB-49EA-B933-504B1712E1F6}.Debug|x86.Build.0 = Debug|Any CPU
		{14E50AB8-23DB-49EA-B933-504B1712E1F6}.Debug32|Any CPU.ActiveCfg = Debug32|Any CPU
		{14E50AB8-23DB-49EA-B933-504B1712E1F6}.Debug32|Any CPU.Build.0 = Debug32|Any CPU
		{14E50AB8-23DB-49EA-B933-504B1712E1F6}.Debug32|x64.ActiveCfg = Debug32|Any CPU
		{14E50AB8-23DB-49EA-B933-504B1712E1F6}.Debug32|x64.Build.0 = Debug32|Any CPU
		{14E50AB8-23DB-49EA-B933-504B1712E1F6}.Debug32|x86.ActiveCfg = Debug32|Any CPU
		{14E50AB8-23DB-49EA-B933-504B1712E1F6}.Debug32|x86.Build.0 = Debug32|Any CPU
		{14E50AB8-23DB-49EA-B933-504B1712E1F6}.Release|Any CPU.ActiveCfg = Release|Any CPU
		{14E50AB8-23DB-49EA-B933-504B1712E1F6}.Release|Any CPU.Build.0 = Release|Any CPU
		{14E50AB8-23DB-49EA-B933-504B1712E1F6}.Release|x64.ActiveCfg = Release|Any CPU
		{14E50AB8-23DB-49EA-B933-504B1712E1F6}.Release|x64.Build.0 = Release|Any CPU
		{14E50AB8-23DB-49EA-B933-504B1712E1F6}.Release|x86.ActiveCfg = Release|Any CPU
		{14E50AB8-23DB-49EA-B933-504B1712E1F6}.Release|x86.Build.0 = Release|Any CPU
	EndGlobalSection
	GlobalSection(SolutionProperties) = preSolution
		HideSolutionNode = FALSE
	EndGlobalSection
	GlobalSection(ExtensibilityGlobals) = postSolution
		SolutionGuid = {C164EAF9-95BD-4DF7-B2D5-460548B525C3}
	EndGlobalSection
EndGlobal
